
Microsoft Visual Studio Solution File, Format Version 12.00
# Visual Studio Version 16
VisualStudioVersion = 16.0.30516.212
MinimumVisualStudioVersion = 10.0.40219.1
Project("{FAE04EC0-301F-11D3-BF4B-00C04F79EFBC}") = "dotNet5Angular", "dotNet5Angular\dotNet5Angular.csproj", "{7DB055A5-49D6-4A5F-AAAB-9A8414ECE604}"
EndProject
Global
	GlobalSection(SolutionConfigurationPlatforms) = preSolution
		Debug|Any CPU = Debug|Any CPU
		Release|Any CPU = Release|Any CPU
	EndGlobalSection
	GlobalSection(ProjectConfigurationPlatforms) = postSolution
		{7DB055A5-49D6-4A5F-AAAB-9A8414ECE604}.Debug|Any CPU.ActiveCfg = Debug|Any CPU
		{7DB055A5-49D6-4A5F-AAAB-9A8414ECE604}.Debug|Any CPU.Build.0 = Debug|Any CPU
		{7DB055A5-49D6-4A5F-AAAB-9A8414ECE604}.Release|Any CPU.ActiveCfg = Release|Any CPU
		{7DB055A5-49D6-4A5F-AAAB-9A8414ECE604}.Release|Any CPU.Build.0 = Release|Any CPU
	EndGlobalSection
	GlobalSection(SolutionProperties) = preSolution
		HideSolutionNode = FALSE
	EndGlobalSection
	GlobalSection(ExtensibilityGlobals) = postSolution
		SolutionGuid = {8EA1F28F-7A22-4002-8B5B-EE18FC22F1B1}
	EndGlobalSection
EndGlobal
